Microsoft Visual Studio Solution File, Format Version 12.00
# Visual Studio Version 17
VisualStudioVersion = 17.5.2.0
MinimumVisualStudioVersion = 10.0.40219.1
Project("{FAE04EC0-301F-11D3-BF4B-00C04F79EFBC}") = "HHBW (Depracated)", "HHBW (Depracated).csproj", "{B6CEFA28-27CF-9799-CFBB-B3FAECA4513C}"
EndProject
Global
	GlobalSection(SolutionConfigurationPlatforms) = preSolution
		Debug|Any CPU = Debug|Any CPU
		Release|Any CPU = Release|Any CPU
	EndGlobalSection
	GlobalSection(ProjectConfigurationPlatforms) = postSolution
		{B6CEFA28-27CF-9799-CFBB-B3FAECA4513C}.Debug|Any CPU.ActiveCfg = Debug|Any CPU
		{B6CEFA28-27CF-9799-CFBB-B3FAECA4513C}.Debug|Any CPU.Build.0 = Debug|Any CPU
		{B6CEFA28-27CF-9799-CFBB-B3FAECA4513C}.Release|Any CPU.ActiveCfg = Release|Any CPU
		{B6CEFA28-27CF-9799-CFBB-B3FAECA4513C}.Release|Any CPU.Build.0 = Release|Any CPU
	EndGlobalSection
	GlobalSection(SolutionProperties) = preSolution
		HideSolutionNode = FALSE
	EndGlobalSection
	GlobalSection(ExtensibilityGlobals) = postSolution
		SolutionGuid = {FAC6AB72-912E-421D-97D2-EDE8CE091942}
	EndGlobalSection
EndGlobal
