
Microsoft Visual Studio Solution File, Format Version 12.00
# Visual Studio Version 17
VisualStudioVersion = 17.7.34031.279
MinimumVisualStudioVersion = 10.0.40219.1
Project("{9A19103F-16F7-4668-BE54-9A1E7A4F7556}") = "HHBW (Depracated)", "HHBW\HHBW (Depracated).csproj", "{45018FDD-6927-42AC-9B68-70F6FC20CBA3}"
EndProject
Project("{FAE04EC0-301F-11D3-BF4B-00C04F79EFBC}") = "HHBAspire.AppHost", "HHBAspire\HHBAspire.AppHost\HHBAspire.AppHost.csproj", "{63789759-22C8-4DF3-8674-BAD7CCF12B27}"
EndProject
Project("{FAE04EC0-301F-11D3-BF4B-00C04F79EFBC}") = "HHBAspire.ServiceDefaults", "HHBAspire\HHBAspire.ServiceDefaults\HHBAspire.ServiceDefaults.csproj", "{B5CE813E-7BC9-1965-B8EB-7A76B3F2C677}"
EndProject
Project("{FAE04EC0-301F-11D3-BF4B-00C04F79EFBC}") = "HHBAspire.ApiService", "HHBAspire\HHBAspire.ApiService\HHBAspire.ApiService.csproj", "{C867DF27-D571-2BC5-CFC4-0E6A07AB7ABE}"
EndProject
Project("{FAE04EC0-301F-11D3-BF4B-00C04F79EFBC}") = "HHBAspire.Web", "HHBAspire\HHBAspire.Web\HHBAspire.Web.csproj", "{15162004-FA29-8816-A7C8-EF056DD76041}"
EndProject
Global
	GlobalSection(SolutionConfigurationPlatforms) = preSolution
		Debug|Any CPU = Debug|Any CPU
		Release|Any CPU = Release|Any CPU
	EndGlobalSection
	GlobalSection(ProjectConfigurationPlatforms) = postSolution
		{45018FDD-6927-42AC-9B68-70F6FC20CBA3}.Debug|Any CPU.ActiveCfg = Debug|Any CPU
		{45018FDD-6927-42AC-9B68-70F6FC20CBA3}.Debug|Any CPU.Build.0 = Debug|Any CPU
		{45018FDD-6927-42AC-9B68-70F6FC20CBA3}.Release|Any CPU.ActiveCfg = Release|Any CPU
		{45018FDD-6927-42AC-9B68-70F6FC20CBA3}.Release|Any CPU.Build.0 = Release|Any CPU
		{63789759-22C8-4DF3-8674-BAD7CCF12B27}.Debug|Any CPU.ActiveCfg = Debug|Any CPU
		{63789759-22C8-4DF3-8674-BAD7CCF12B27}.Debug|Any CPU.Build.0 = Debug|Any CPU
		{63789759-22C8-4DF3-8674-BAD7CCF12B27}.Release|Any CPU.ActiveCfg = Release|Any CPU
		{63789759-22C8-4DF3-8674-BAD7CCF12B27}.Release|Any CPU.Build.0 = Release|Any CPU
		{B5CE813E-7BC9-1965-B8EB-7A76B3F2C677}.Debug|Any CPU.ActiveCfg = Debug|Any CPU
		{B5CE813E-7BC9-1965-B8EB-7A76B3F2C677}.Debug|Any CPU.Build.0 = Debug|Any CPU
		{B5CE813E-7BC9-1965-B8EB-7A76B3F2C677}.Release|Any CPU.ActiveCfg = Release|Any CPU
		{B5CE813E-7BC9-1965-B8EB-7A76B3F2C677}.Release|Any CPU.Build.0 = Release|Any CPU
		{C867DF27-D571-2BC5-CFC4-0E6A07AB7ABE}.Debug|Any CPU.ActiveCfg = Debug|Any CPU
		{C867DF27-D571-2BC5-CFC4-0E6A07AB7ABE}.Debug|Any CPU.Build.0 = Debug|Any CPU
		{C867DF27-D571-2BC5-CFC4-0E6A07AB7ABE}.Release|Any CPU.ActiveCfg = Release|Any CPU
		{C867DF27-D571-2BC5-CFC4-0E6A07AB7ABE}.Release|Any CPU.Build.0 = Release|Any CPU
		{15162004-FA29-8816-A7C8-EF056DD76041}.Debug|Any CPU.ActiveCfg = Debug|Any CPU
		{15162004-FA29-8816-A7C8-EF056DD76041}.Debug|Any CPU.Build.0 = Debug|Any CPU
		{15162004-FA29-8816-A7C8-EF056DD76041}.Release|Any CPU.ActiveCfg = Release|Any CPU
		{15162004-FA29-8816-A7C8-EF056DD76041}.Release|Any CPU.Build.0 = Release|Any CPU
	EndGlobalSection
	GlobalSection(SolutionProperties) = preSolution
		HideSolutionNode = FALSE
	EndGlobalSection
	GlobalSection(ExtensibilityGlobals) = postSolution
		SolutionGuid = {0A1F5434-6A67-4BC0-8001-75B054786C86}
	EndGlobalSection
EndGlobal
